
Microsoft Visual Studio Solution File, Format Version 12.00
# Visual Studio 15
VisualStudioVersion = 15.0.27130.2026
MinimumVisualStudioVersion = 10.0.40219.1
Project("{FAE04EC0-301F-11D3-BF4B-00C04F79EFBC}") = "FizzBuzz", "FizzBuzz\FizzBuzz.csproj", "{279B4CDA-DEED-4ADF-8BD4-A988673A048E}"
EndProject
Project("{FAE04EC0-301F-11D3-BF4B-00C04F79EFBC}") = "String Reverser", "String Reverser\String Reverser.csproj", "{385DE18E-DED5-4AD6-90BE-43BB401644D1}"
EndProject
Project("{FAE04EC0-301F-11D3-BF4B-00C04F79EFBC}") = "Pig Latin", "Pig Latin\Pig Latin.csproj", "{7F258F9D-0AE8-4C9A-A7C0-94348F4CCE40}"
EndProject
Project("{FAE04EC0-301F-11D3-BF4B-00C04F79EFBC}") = "Count Vowels", "Count Vowels\Count Vowels.csproj", "{CC023D35-81E6-4B56-A86F-1C5B87731DBB}"
EndProject
Project("{2150E333-8FDC-42A3-9474-1A3956D46DE8}") = "Text", "Text", "{ECE78296-0FD6-4054-92E2-36DE8D2481D6}"
EndProject
Global
	GlobalSection(SolutionConfigurationPlatforms) = preSolution
		Debug|Any CPU = Debug|Any CPU
		Release|Any CPU = Release|Any CPU
	EndGlobalSection
	GlobalSection(ProjectConfigurationPlatforms) = postSolution
		{279B4CDA-DEED-4ADF-8BD4-A988673A048E}.Debug|Any CPU.ActiveCfg = Debug|Any CPU
		{279B4CDA-DEED-4ADF-8BD4-A988673A048E}.Debug|Any CPU.Build.0 = Debug|Any CPU
		{279B4CDA-DEED-4ADF-8BD4-A988673A048E}.Release|Any CPU.ActiveCfg = Release|Any CPU
		{279B4CDA-DEED-4ADF-8BD4-A988673A048E}.Release|Any CPU.Build.0 = Release|Any CPU
		{385DE18E-DED5-4AD6-90BE-43BB401644D1}.Debug|Any CPU.ActiveCfg = Debug|Any CPU
		{385DE18E-DED5-4AD6-90BE-43BB401644D1}.Debug|Any CPU.Build.0 = Debug|Any CPU
		{385DE18E-DED5-4AD6-90BE-43BB401644D1}.Release|Any CPU.ActiveCfg = Release|Any CPU
		{385DE18E-DED5-4AD6-90BE-43BB401644D1}.Release|Any CPU.Build.0 = Release|Any CPU
		{7F258F9D-0AE8-4C9A-A7C0-94348F4CCE40}.Debug|Any CPU.ActiveCfg = Debug|Any CPU
		{7F258F9D-0AE8-4C9A-A7C0-94348F4CCE40}.Debug|Any CPU.Build.0 = Debug|Any CPU
		{7F258F9D-0AE8-4C9A-A7C0-94348F4CCE40}.Release|Any CPU.ActiveCfg = Release|Any CPU
		{7F258F9D-0AE8-4C9A-A7C0-94348F4CCE40}.Release|Any CPU.Build.0 = Release|Any CPU
		{CC023D35-81E6-4B56-A86F-1C5B87731DBB}.Debug|Any CPU.ActiveCfg = Debug|Any CPU
		{CC023D35-81E6-4B56-A86F-1C5B87731DBB}.Debug|Any CPU.Build.0 = Debug|Any CPU
		{CC023D35-81E6-4B56-A86F-1C5B87731DBB}.Release|Any CPU.ActiveCfg = Release|Any CPU
		{CC023D35-81E6-4B56-A86F-1C5B87731DBB}.Release|Any CPU.Build.0 = Release|Any CPU
	EndGlobalSection
	GlobalSection(SolutionProperties) = preSolution
		HideSolutionNode = FALSE
	EndGlobalSection
	GlobalSection(NestedProjects) = preSolution
		{279B4CDA-DEED-4ADF-8BD4-A988673A048E} = {ECE78296-0FD6-4054-92E2-36DE8D2481D6}
		{385DE18E-DED5-4AD6-90BE-43BB401644D1} = {ECE78296-0FD6-4054-92E2-36DE8D2481D6}
		{7F258F9D-0AE8-4C9A-A7C0-94348F4CCE40} = {ECE78296-0FD6-4054-92E2-36DE8D2481D6}
		{CC023D35-81E6-4B56-A86F-1C5B87731DBB} = {ECE78296-0FD6-4054-92E2-36DE8D2481D6}
	EndGlobalSection
	GlobalSection(ExtensibilityGlobals) = postSolution
		SolutionGuid = {D9016429-70F2-4872-8A11-ECCD9F9C19DC}
	EndGlobalSection
EndGlobal
